
Microsoft Visual Studio Solution File, Format Version 12.00
# Visual Studio Version 17
VisualStudioVersion = 17.3.32519.111
MinimumVisualStudioVersion = 10.0.40219.1
Project("{FAE04EC0-301F-11D3-BF4B-00C04F79EFBC}") = "DemoCQRS.Api", "DemoCQRS.Api\DemoCQRS.Api.csproj", "{4A444FEB-1D8C-4217-A170-4DB921396095}"
EndProject
Project("{FAE04EC0-301F-11D3-BF4B-00C04F79EFBC}") = "DemoCQRS.Database", "DemoCQRS.Database\DemoCQRS.Database.csproj", "{C47E2058-87B9-458F-B11C-E4E35E44AEA1}"
EndProject
Project("{FAE04EC0-301F-11D3-BF4B-00C04F79EFBC}") = "DemoCQRS.MediatRDal", "DemoCQRS.MediatRDal\DemoCQRS.MediatRDal.csproj", "{1BC3854F-9740-40ED-80B5-F2AE1599D8ED}"
EndProject
Project("{FAE04EC0-301F-11D3-BF4B-00C04F79EFBC}") = "DemoCQRS.Contracts", "DemoCQRS.Contracts\DemoCQRS.Contracts.csproj", "{91DBFF57-35B3-480A-A20B-93C37D4FB21D}"
EndProject
Global
	GlobalSection(SolutionConfigurationPlatforms) = preSolution
		Debug|Any CPU = Debug|Any CPU
		Release|Any CPU = Release|Any CPU
	EndGlobalSection
	GlobalSection(ProjectConfigurationPlatforms) = postSolution
		{4A444FEB-1D8C-4217-A170-4DB921396095}.Debug|Any CPU.ActiveCfg = Debug|Any CPU
		{4A444FEB-1D8C-4217-A170-4DB921396095}.Debug|Any CPU.Build.0 = Debug|Any CPU
		{4A444FEB-1D8C-4217-A170-4DB921396095}.Release|Any CPU.ActiveCfg = Release|Any CPU
		{4A444FEB-1D8C-4217-A170-4DB921396095}.Release|Any CPU.Build.0 = Release|Any CPU
		{C47E2058-87B9-458F-B11C-E4E35E44AEA1}.Debug|Any CPU.ActiveCfg = Debug|Any CPU
		{C47E2058-87B9-458F-B11C-E4E35E44AEA1}.Debug|Any CPU.Build.0 = Debug|Any CPU
		{C47E2058-87B9-458F-B11C-E4E35E44AEA1}.Release|Any CPU.ActiveCfg = Release|Any CPU
		{C47E2058-87B9-458F-B11C-E4E35E44AEA1}.Release|Any CPU.Build.0 = Release|Any CPU
		{1BC3854F-9740-40ED-80B5-F2AE1599D8ED}.Debug|Any CPU.ActiveCfg = Debug|Any CPU
		{1BC3854F-9740-40ED-80B5-F2AE1599D8ED}.Debug|Any CPU.Build.0 = Debug|Any CPU
		{1BC3854F-9740-40ED-80B5-F2AE1599D8ED}.Release|Any CPU.ActiveCfg = Release|Any CPU
		{1BC3854F-9740-40ED-80B5-F2AE1599D8ED}.Release|Any CPU.Build.0 = Release|Any CPU
		{91DBFF57-35B3-480A-A20B-93C37D4FB21D}.Debug|Any CPU.ActiveCfg = Debug|Any CPU
		{91DBFF57-35B3-480A-A20B-93C37D4FB21D}.Debug|Any CPU.Build.0 = Debug|Any CPU
		{91DBFF57-35B3-480A-A20B-93C37D4FB21D}.Release|Any CPU.ActiveCfg = Release|Any CPU
		{91DBFF57-35B3-480A-A20B-93C37D4FB21D}.Release|Any CPU.Build.0 = Release|Any CPU
	EndGlobalSection
	GlobalSection(SolutionProperties) = preSolution
		HideSolutionNode = FALSE
	EndGlobalSection
	GlobalSection(ExtensibilityGlobals) = postSolution
		SolutionGuid = {09AB32D3-9ED0-4E46-B877-B03A0471C40D}
	EndGlobalSection
EndGlobal
